
Microsoft Visual Studio Solution File, Format Version 12.00
# Visual Studio Version 17
VisualStudioVersion = 17.5.33502.453
MinimumVisualStudioVersion = 10.0.40219.1
Project("{FAE04EC0-301F-11D3-BF4B-00C04F79EFBC}") = "CreateListingApp", "CreateListingApp\CreateListingApp.csproj", "{75F81728-A16E-4523-A1B8-AB7CA17545F4}"
EndProject
Global
	GlobalSection(SolutionConfigurationPlatforms) = preSolution
		Debug|Any CPU = Debug|Any CPU
		Release|Any CPU = Release|Any CPU
	EndGlobalSection
	GlobalSection(ProjectConfigurationPlatforms) = postSolution
		{75F81728-A16E-4523-A1B8-AB7CA17545F4}.Debug|Any CPU.ActiveCfg = Debug|Any CPU
		{75F81728-A16E-4523-A1B8-AB7CA17545F4}.Debug|Any CPU.Build.0 = Debug|Any CPU
		{75F81728-A16E-4523-A1B8-AB7CA17545F4}.Release|Any CPU.ActiveCfg = Release|Any CPU
		{75F81728-A16E-4523-A1B8-AB7CA17545F4}.Release|Any CPU.Build.0 = Release|Any CPU
	EndGlobalSection
	GlobalSection(SolutionProperties) = preSolution
		HideSolutionNode = FALSE
	EndGlobalSection
	GlobalSection(ExtensibilityGlobals) = postSolution
		SolutionGuid = {A3ADE8AD-878D-46C4-BD2D-0CE32602D087}
	EndGlobalSection
EndGlobal
